
Microsoft Visual Studio Solution File, Format Version 12.00
# Visual Studio Version 17
VisualStudioVersion = 17.0.31903.59
MinimumVisualStudioVersion = 10.0.40219.1
Project("{FAE04EC0-301F-11D3-BF4B-00C04F79EFBC}") = "API", "API\API.csproj", "{243E9CAA-1A9D-4CA9-B5EA-FCC3D997E690}"
EndProject
Project("{FAE04EC0-301F-11D3-BF4B-00C04F79EFBC}") = "Models", "Models\Models.csproj", "{3787DF8B-F52E-4078-85F6-24D859772BAA}"
EndProject
Project("{FAE04EC0-301F-11D3-BF4B-00C04F79EFBC}") = "Infrastructure", "Infrastructure\Infrastructure.csproj", "{6816141C-E1F7-4FDF-822B-6E8C93B66BA4}"
EndProject
Global
	GlobalSection(SolutionConfigurationPlatforms) = preSolution
		Debug|Any CPU = Debug|Any CPU
		Release|Any CPU = Release|Any CPU
	EndGlobalSection
	GlobalSection(ProjectConfigurationPlatforms) = postSolution
		{243E9CAA-1A9D-4CA9-B5EA-FCC3D997E690}.Debug|Any CPU.ActiveCfg = Debug|Any CPU
		{243E9CAA-1A9D-4CA9-B5EA-FCC3D997E690}.Debug|Any CPU.Build.0 = Debug|Any CPU
		{243E9CAA-1A9D-4CA9-B5EA-FCC3D997E690}.Release|Any CPU.ActiveCfg = Release|Any CPU
		{243E9CAA-1A9D-4CA9-B5EA-FCC3D997E690}.Release|Any CPU.Build.0 = Release|Any CPU
		{3787DF8B-F52E-4078-85F6-24D859772BAA}.Debug|Any CPU.ActiveCfg = Debug|Any CPU
		{3787DF8B-F52E-4078-85F6-24D859772BAA}.Debug|Any CPU.Build.0 = Debug|Any CPU
		{3787DF8B-F52E-4078-85F6-24D859772BAA}.Release|Any CPU.ActiveCfg = Release|Any CPU
		{3787DF8B-F52E-4078-85F6-24D859772BAA}.Release|Any CPU.Build.0 = Release|Any CPU
		{6816141C-E1F7-4FDF-822B-6E8C93B66BA4}.Debug|Any CPU.ActiveCfg = Debug|Any CPU
		{6816141C-E1F7-4FDF-822B-6E8C93B66BA4}.Debug|Any CPU.Build.0 = Debug|Any CPU
		{6816141C-E1F7-4FDF-822B-6E8C93B66BA4}.Release|Any CPU.ActiveCfg = Release|Any CPU
		{6816141C-E1F7-4FDF-822B-6E8C93B66BA4}.Release|Any CPU.Build.0 = Release|Any CPU
	EndGlobalSection
	GlobalSection(SolutionProperties) = preSolution
		HideSolutionNode = FALSE
	EndGlobalSection
	GlobalSection(ExtensibilityGlobals) = postSolution
		SolutionGuid = {F2A82F38-DD36-4D68-A4DA-DC1D83E7BA58}
	EndGlobalSection
EndGlobal
